
Microsoft Visual Studio Solution File, Format Version 12.00
# Visual Studio Version 17
VisualStudioVersion = 17.2.32630.192
MinimumVisualStudioVersion = 10.0.40219.1
Project("{9A19103F-16F7-4668-BE54-9A1E7A4F7556}") = "CSV_Manager", "CSV_Manager.csproj", "{F8B0EEED-E580-42B8-B417-D9B68D0EB445}"
EndProject
Project("{2150E333-8FDC-42A3-9474-1A3956D46DE8}") = "test", "test", "{03C62C55-0A93-4DF2-B28F-045B91A3C1FC}"
EndProject
Project("{2150E333-8FDC-42A3-9474-1A3956D46DE8}") = "src", "src", "{13DE94E2-21F9-4BB3-A570-F07D23CFE284}"
EndProject
Project("{FAE04EC0-301F-11D3-BF4B-00C04F79EFBC}") = "UnitTestForProject", "..\UnitTestForProject\UnitTestForProject.csproj", "{028ACB96-2FE6-4090-8B2A-63203CCDBA22}"
	ProjectSection(ProjectDependencies) = postProject
		{F8B0EEED-E580-42B8-B417-D9B68D0EB445} = {F8B0EEED-E580-42B8-B417-D9B68D0EB445}
	EndProjectSection
EndProject
Global
	GlobalSection(SolutionConfigurationPlatforms) = preSolution
		Debug|Any CPU = Debug|Any CPU
		Release|Any CPU = Release|Any CPU
	EndGlobalSection
	GlobalSection(ProjectConfigurationPlatforms) = postSolution
		{F8B0EEED-E580-42B8-B417-D9B68D0EB445}.Debug|Any CPU.ActiveCfg = Debug|Any CPU
		{F8B0EEED-E580-42B8-B417-D9B68D0EB445}.Debug|Any CPU.Build.0 = Debug|Any CPU
		{F8B0EEED-E580-42B8-B417-D9B68D0EB445}.Release|Any CPU.ActiveCfg = Release|Any CPU
		{F8B0EEED-E580-42B8-B417-D9B68D0EB445}.Release|Any CPU.Build.0 = Release|Any CPU
		{028ACB96-2FE6-4090-8B2A-63203CCDBA22}.Debug|Any CPU.ActiveCfg = Debug|Any CPU
		{028ACB96-2FE6-4090-8B2A-63203CCDBA22}.Debug|Any CPU.Build.0 = Debug|Any CPU
		{028ACB96-2FE6-4090-8B2A-63203CCDBA22}.Release|Any CPU.ActiveCfg = Release|Any CPU
		{028ACB96-2FE6-4090-8B2A-63203CCDBA22}.Release|Any CPU.Build.0 = Release|Any CPU
	EndGlobalSection
	GlobalSection(SolutionProperties) = preSolution
		HideSolutionNode = FALSE
	EndGlobalSection
	GlobalSection(NestedProjects) = preSolution
		{F8B0EEED-E580-42B8-B417-D9B68D0EB445} = {13DE94E2-21F9-4BB3-A570-F07D23CFE284}
		{028ACB96-2FE6-4090-8B2A-63203CCDBA22} = {03C62C55-0A93-4DF2-B28F-045B91A3C1FC}
	EndGlobalSection
	GlobalSection(ExtensibilityGlobals) = postSolution
		SolutionGuid = {7696E626-FD40-45C7-8C13-6046538B37F2}
	EndGlobalSection
EndGlobal
